PODS:
  - Mantle (2.0.2):
    - Mantle/extobjc (= 2.0.2)
  - Mantle/extobjc (2.0.2)
  - Masonry (0.6.1)
  - MEDCategories (1.0):
    - Mantle
    - Masonry

DEPENDENCIES:
  - MEDCategories (from `../MEDCategories.podspec`)

EXTERNAL SOURCES:
  MEDCategories:
    :path: ../MEDCategories.podspec

SPEC CHECKSUMS:
  Mantle: 967fd31ea0220890b2e76589198996b534bb3fb1
  Masonry: 4972309f2f134de9dd312f4dc4a21359b50e6caa
  MEDCategories: 521a7cade2f01561c985ec0a99b9fff0569f9107

COCOAPODS: 0.37.2
